{
  "lockfileVersion": 1,
  "configVersion": 1,
  "workspaces": {
    "": {
      "name": "feo",
      "dependencies": {
        "@cliffy/command": "npm:@jsr/cliffy__command@^1.2.1",
        "@opentui/core": "^0.4.1",
        "@opentui/react": "^0.4.1",
        "@std/collections": "npm:@jsr/std__collections@^1.2.0",
        "@std/ini": "npm:@jsr/std__ini@^0.225.2",
        "@std/json": "npm:@jsr/std__json@^1.1.0",
        "@std/jsonc": "npm:@jsr/std__jsonc@^1.0.2",
        "@std/toml": "npm:@jsr/std__toml@^1.0.11",
        "@std/yaml": "npm:@jsr/std__yaml@^1.1.1",
        "@tanstack/react-query": "^5.101.0",
        "liquidjs": "^10.27.1",
        "react": "^19.2.7",
        "zod": "^4.4.3",
      },
      "devDependencies": {
        "@types/bun": "^1.3.14",
        "@types/react": "^19.2.17",
        "oxfmt": "^0.55.0",
        "oxlint": "^1.70.0",
      },
      "peerDependencies": {
        "typescript": "^5",
      },
    },
  },
  "packages": {
    "@cliffy/command": ["@jsr/cliffy__command@1.2.1", "https://npm.jsr.io/~/11/@jsr/cliffy__command/1.2.1.tgz", { "dependencies": { "@jsr/cliffy__flags": "1.2.1", "@jsr/cliffy__internal": "1.2.1", "@jsr/cliffy__table": "1.2.1", "@jsr/std__fmt": "^1.0.10", "@jsr/std__semver": "^1.0.8", "@jsr/std__text": "^1.0.19" } }, "sha512-qsrEVMGaunL8BL4OdmfiIywr0M3H/tZ8+iAHBJfWfzRYCwRr9VVyjaZM5rjA3nmHdAt5g7K6op9PLlHzdUxqoQ=="],

    "@jsr/cliffy__flags": ["@jsr/cliffy__flags@1.2.1", "https://npm.jsr.io/~/11/@jsr/cliffy__flags/1.2.1.tgz", { "dependencies": { "@jsr/cliffy__internal": "1.2.1", "@jsr/std__text": "^1.0.19" } }, "sha512-KHUlbfkcGM198RUWwSiBdWpJgc9pFZBj437Tdf4DPPy+Q6rAA0PMzWERAwUFf0k4k2lMWnajDrGvtiv+ZUaF5A=="],

    "@jsr/cliffy__internal": ["@jsr/cliffy__internal@1.2.1", "https://npm.jsr.io/~/11/@jsr/cliffy__internal/1.2.1.tgz", { "dependencies": { "@jsr/std__fmt": "^1.0.10" } }, "sha512-2kQD0hab+16PiYNZf3b85CUik13l71XZzKtJRhK/RnifO6gOjRpBTmhIAhwjAdWaeW1vkOQ73Scqm/D/yMR3ag=="],

    "@jsr/cliffy__table": ["@jsr/cliffy__table@1.2.1", "https://npm.jsr.io/~/11/@jsr/cliffy__table/1.2.1.tgz", { "dependencies": { "@jsr/std__fmt": "^1.0.10" } }, "sha512-C/edvcMwtnbFx0zyoeGRcC+ZRvGYqxEhRi19HpfbfiYS4ZErKjEwMJmavO/DN7Wxbk34UpJP+UQKL7nKe+dYkA=="],

    "@jsr/std__bytes": ["@jsr/std__bytes@1.0.6", "https://npm.jsr.io/~/11/@jsr/std__bytes/1.0.6.tgz", {}, "sha512-St6yKggjFGhxS52IFLJWvkchRFbAKg2Xh8UxA4S1EGz7GJ2Ui+ssDDldj/w2c8vCxvl6qgR0HaYbKeFJNqujmA=="],

    "@jsr/std__collections": ["@jsr/std__collections@1.2.0", "https://npm.jsr.io/~/11/@jsr/std__collections/1.2.0.tgz", {}, "sha512-R58weKPNZ3sFOo9pRAhasq0m0aIVEJau4/bid0VFWp9hoQZ07qpa1vtDLFWNrQK96ZJS0ql6IuOHVrXXsHOE/w=="],

    "@jsr/std__fmt": ["@jsr/std__fmt@1.0.10", "https://npm.jsr.io/~/11/@jsr/std__fmt/1.0.10.tgz", {}, "sha512-Q2N8XDNkh/c1IKTi+sO4Vm64M5m4W0o47qTURmMX0vgHm9AJ6jL7jEQ2kw0M1T2rBZiwAY78eUbYzFyOYWaCqQ=="],

    "@jsr/std__json": ["@jsr/std__json@1.1.0", "https://npm.jsr.io/~/11/@jsr/std__json/1.1.0.tgz", { "dependencies": { "@jsr/std__streams": "^1.1.0" } }, "sha512-a9Eylh7ox33tFn5RxhESnvI4akpefQP5Qn+ePz3Ih4IJ/EPA8p0SKq0aztRfN1sGDhfyWMPWwlUcwNxONt+Ncg=="],

    "@jsr/std__regexp": ["@jsr/std__regexp@1.0.2", "https://npm.jsr.io/~/11/@jsr/std__regexp/1.0.2.tgz", {}, "sha512-wvJnzBWsPW4YLdAhCSggh4NyNia/qtzsuJr0kSYuqUBtvOU/RsI/WKB5lu7ehlzuZ5Sy+efr0ACyogCCZmw0YQ=="],

    "@jsr/std__semver": ["@jsr/std__semver@1.0.8", "https://npm.jsr.io/~/11/@jsr/std__semver/1.0.8.tgz", {}, "sha512-YhkykPU2Majz66e+rQbP0okYc7kKv+U32aguLPCXZZAL+vEVmBA+khHjPHhLBpWR073gzU3WHqGRgB7a/aXCjg=="],

    "@jsr/std__streams": ["@jsr/std__streams@1.1.1", "https://npm.jsr.io/~/11/@jsr/std__streams/1.1.1.tgz", { "dependencies": { "@jsr/std__bytes": "^1.0.6" } }, "sha512-V9auR/i6gJz6SR1+h5wc4EN42IC5+ObBjXu/h7Buef7UOE0GtX4vRSx+3MJywEiBcJqQC+lCnf+wBAodvBL1SA=="],

    "@jsr/std__text": ["@jsr/std__text@1.0.19", "https://npm.jsr.io/~/11/@jsr/std__text/1.0.19.tgz", { "dependencies": { "@jsr/std__regexp": "^1.0.2" } }, "sha512-OIXUoD4gty+GH+ZOpe7LT1jVr+31ctOoIoxBzLN1m3fvAOtqWyEz6Ap3NwDiuEgHpAIMz/O5L2SKDr0F2bChCA=="],

    "@opentui/core": ["@opentui/core@0.4.2", "", { "dependencies": { "bun-ffi-structs": "0.2.3", "diff": "9.0.0", "marked": "17.0.1", "string-width": "7.2.0", "strip-ansi": "7.1.2" }, "optionalDependencies": { "@opentui/core-darwin-arm64": "0.4.2", "@opentui/core-darwin-x64": "0.4.2", "@opentui/core-linux-arm64": "0.4.2", "@opentui/core-linux-arm64-musl": "0.4.2", "@opentui/core-linux-x64": "0.4.2", "@opentui/core-linux-x64-musl": "0.4.2", "@opentui/core-win32-arm64": "0.4.2", "@opentui/core-win32-x64": "0.4.2" }, "peerDependencies": { "web-tree-sitter": "0.25.10" } }, "sha512-ulx6RMqftf2fm7Itf9e81GcCDMNY6NAhmnKYhllDOMYD+PxYXR+vomy2bxQNV5ow31RE7s8WQFnb7hWTRUbx2g=="],

    "@opentui/core-darwin-arm64": ["@opentui/core-darwin-arm64@0.4.2", "", { "os": "darwin", "cpu": "arm64" }, "sha512-is+O+sS/l3E9cZXyM9pRF1WhqnE+hYSPYoZkbseR9CthJcaWPGi3R3jUJa1cLj325252jWgxVupnDqFUtKg36w=="],

    "@opentui/core-darwin-x64": ["@opentui/core-darwin-x64@0.4.2", "", { "os": "darwin", "cpu": "x64" }, "sha512-ACi42h81DurSeybUAD1XyKT6xmXZcKeTxS54lZFi0CVZh46w0g99vNj8PlQzIFXvvFLT0e0IlRS//eWSWS2zGQ=="],

    "@opentui/core-linux-arm64": ["@opentui/core-linux-arm64@0.4.2", "", { "os": "linux", "cpu": "arm64" }, "sha512-RjOx2HcjLRtGSy9WrAGSdr5M9SpJuPifPORpImx6Mciovw0ltnE0uoYjIyor82uf6/LExWC7YA2AcAl+YBxayA=="],

    "@opentui/core-linux-arm64-musl": ["@opentui/core-linux-arm64-musl@0.4.2", "", { "os": "linux", "cpu": "arm64" }, "sha512-heNciL2ngPU+kq1h01PHLsxn6Fr8iqTFtbxSdVbhaY3XihuIjkuXyEhFeuoa1lsXY7Bb2gpWnX5EQVWnZsAuDQ=="],

    "@opentui/core-linux-x64": ["@opentui/core-linux-x64@0.4.2", "", { "os": "linux", "cpu": "x64" }, "sha512-9s0s/ooK+AhWP306By3gu+XhzcVEThC2sqKMPK1nQmGDujQhd+xOrtbtfCVcJSx62UzAovC2VNqypvP8vHByOg=="],

    "@opentui/core-linux-x64-musl": ["@opentui/core-linux-x64-musl@0.4.2", "", { "os": "linux", "cpu": "x64" }, "sha512-Cjv6Bv7l3p/KLNJr5RyqCS0FmRlAGJnkA2IK3S+HkHhCOv/O02S1G+DBUY6POnyjp1eNy95vauustApobhdbig=="],

    "@opentui/core-win32-arm64": ["@opentui/core-win32-arm64@0.4.2", "", { "os": "win32", "cpu": "arm64" }, "sha512-mfJZrJ0TNPFRZUzXNsxAPe1YdiWsy/vbTl93+yeXGHPI1B8Qnk9V5hpzSxxEyBGhlTHSfGNtgiO+VrrdRC3kZA=="],

    "@opentui/core-win32-x64": ["@opentui/core-win32-x64@0.4.2", "", { "os": "win32", "cpu": "x64" }, "sha512-P2oguG3ng3OMjAdasFSA3GhHaQXtzDUsIRDGbzWFOimpZ/zMemidp+JQ0V8V6XwK6Utk5G0aQ03oBaRCoLyYDw=="],

    "@opentui/react": ["@opentui/react@0.4.2", "", { "dependencies": { "@opentui/core": "0.4.2", "react-reconciler": "^0.33.0" }, "peerDependencies": { "react": ">=19.2.0", "react-devtools-core": "^7.0.1", "ws": "^8.18.0" } }, "sha512-SsteuclEw72gUBzp/mZjADSNS1jJJr4htB89euicn+Atl62ZvO22wuLE9hBFDCpumtgG3sbSe+7XtV6vW1orXA=="],

    "@oxfmt/binding-android-arm-eabi": ["@oxfmt/binding-android-arm-eabi@0.55.0", "", { "os": "android", "cpu": "arm" }, "sha512-+rFDOqQe5LOWgxrAJaZgLRudr6GQm0wGI6gtu7vVkrdLGjNMUSGbAlaCr8j7F2H2Er97vYQCU8WDb30onqMM1g=="],

    "@oxfmt/binding-android-arm64": ["@oxfmt/binding-android-arm64@0.55.0", "", { "os": "android", "cpu": "arm64" }, "sha512-ctulLq8s3x8Zmvw6+iccB09TIKERAklRSmbJ10gk8mlAn05qZxoyo52dj3Hi9IJcmDSwF54fQaTVh2CbL6PInw=="],

    "@oxfmt/binding-darwin-arm64": ["@oxfmt/binding-darwin-arm64@0.55.0", "", { "os": "darwin", "cpu": "arm64" }, "sha512-xDQczLH9pw/RBk1h/GH0qcGMm8hQtmtVHBNLSH3lk1gEIR09hZ4L+mJQl4VqiVAvPK9VG9PYrWWuSQLt7xTbiA=="],

    "@oxfmt/binding-darwin-x64": ["@oxfmt/binding-darwin-x64@0.55.0", "", { "os": "darwin", "cpu": "x64" }, "sha512-JaNoFCkF2CJdGgpPSMbuO9HVyXyoNGIhMHPvp6NYAjeVKw9XEYc0HcUWJLPQa3Q69WV5wMa9m5jPMJPtbLtcRg=="],

    "@oxfmt/binding-freebsd-x64": ["@oxfmt/binding-freebsd-x64@0.55.0", "", { "os": "freebsd", "cpu": "x64" }, "sha512-DNbszhpg6S2MIzax5azdHFTTBIVkR5xr8yyRZuA4yoDAwOkzIp3tmldgKZM2+VlT+hJIG0xUksA+elISzMEAfA=="],

    "@oxfmt/binding-linux-arm-gnueabihf": ["@oxfmt/binding-linux-arm-gnueabihf@0.55.0", "", { "os": "linux", "cpu": "arm" }, "sha512-2snoaoRfFFyGnbOcKUK36rREBYxe/Xgz3uHbiA5zbCB/s6R4DQj4mHqYAaWWhgizCUSDxV8cE9zAZ0XleNpKGw=="],

    "@oxfmt/binding-linux-arm-musleabihf": ["@oxfmt/binding-linux-arm-musleabihf@0.55.0", "", { "os": "linux", "cpu": "arm" }, "sha512-q1aktHF/WRpSK81BX1dE/9vWrS2jGw1Nax2kb4DBLGAewubCLcoNyp4Zl/NSMgbv3vUS46Z33wIQkBVYOP3PYg=="],

    "@oxfmt/binding-linux-arm64-gnu": ["@oxfmt/binding-linux-arm64-gnu@0.55.0", "", { "os": "linux", "cpu": "arm64" }, "sha512-VD0y36aENezl/3tsclA/4G53Cc7iV+7Uoh7gz4yvcOTaEYBtJpQsE6PKDGTtUtOvGS4kv51ybfXY/nWZejO5IA=="],

    "@oxfmt/binding-linux-arm64-musl": ["@oxfmt/binding-linux-arm64-musl@0.55.0", "", { "os": "linux", "cpu": "arm64" }, "sha512-r8xlKJFcsRmn0H5jZrdORae6RX9jDBrZVvOoxF+bCQtampQJClv80aZEHsv+NsLsp2KCE5ql79O7DpPVzYWpXA=="],

    "@oxfmt/binding-linux-ppc64-gnu": ["@oxfmt/binding-linux-ppc64-gnu@0.55.0", "", { "os": "linux", "cpu": "ppc64" }, "sha512-GRKv/HXHcwIVld/WU61rF0g0R16hl5EJ+ScKdpjevT57lnLnagj/U2YUbXf2mT+2Pg1uCzWC+mvGicPV3CDdLQ=="],

    "@oxfmt/binding-linux-riscv64-gnu": ["@oxfmt/binding-linux-riscv64-gnu@0.55.0", "", { "os": "linux", "cpu": "none" }, "sha512-rdv57enTiPtpSYRMKfAiEbQb0Puw5t9N7isVinDoo5qeLDScro2gznmZqSgSWbVZRzLisTeCTW8Qwgw0bOHv3A=="],

    "@oxfmt/binding-linux-riscv64-musl": ["@oxfmt/binding-linux-riscv64-musl@0.55.0", "", { "os": "linux", "cpu": "none" }, "sha512-7v1nNrlD43VY6+sYQ6efYyb3lE6QY182304PD/768ZxTjOmFd/3dQa3u/nGBUAXYdGSWOQc5N3PnS0QzUXyEIA=="],

    "@oxfmt/binding-linux-s390x-gnu": ["@oxfmt/binding-linux-s390x-gnu@0.55.0", "", { "os": "linux", "cpu": "s390x" }, "sha512-f4lJLUSPOgScjFl9LiflKCTocyNRwE25JmTMbN4XQdDjoZzEHjqf3wA3VESF1/csg7i8m7+EQLbrZyYDqe10UQ=="],

    "@oxfmt/binding-linux-x64-gnu": ["@oxfmt/binding-linux-x64-gnu@0.55.0", "", { "os": "linux", "cpu": "x64" }, "sha512-MihqiPziJNoWy4MqNSV+jVA1g+07iQDjZiR0vaCaDoPgFEiJpCMsxamktzLV07cEeQsSJ04vQaU4CzCQwIvtDA=="],

    "@oxfmt/binding-linux-x64-musl": ["@oxfmt/binding-linux-x64-musl@0.55.0", "", { "os": "linux", "cpu": "x64" }, "sha512-Yqghym7KYAVjP9MmSrNZiDeerMuoejNjo0r3ox5H3GDKk8eAfl8VyJm9i+pWCLDCTnAbcTUMMN2ZKjUYXH1v3g=="],

    "@oxfmt/binding-openharmony-arm64": ["@oxfmt/binding-openharmony-arm64@0.55.0", "", { "os": "none", "cpu": "arm64" }, "sha512-s5SDvVVSbyQl1V5UU3Yl12M+XLUQ3rl5SglNqgAA2K4PXUtQhyNSS00wivONPEnNo5W01rCou8WkDNyvI/RGHg=="],

    "@oxfmt/binding-win32-arm64-msvc": ["@oxfmt/binding-win32-arm64-msvc@0.55.0", "", { "os": "win32", "cpu": "arm64" }, "sha512-7p9FB5R32tw2KyyNX3wpQrR2WHwEHvMEiBlGXxeTCaRMCVNx3UtFMAUbaQ/pRNWIrEUZmYhJ6tcUH52uPTRYjQ=="],

    "@oxfmt/binding-win32-ia32-msvc": ["@oxfmt/binding-win32-ia32-msvc@0.55.0", "", { "os": "win32", "cpu": "ia32" }, "sha512-ZYqj3fDnOT1IaVGMP5kpmkQl4F3tQIm2ZyAxvqkJYmI0xgWWak4ss4XYwv3VDfM+TWXeC9K4uQ/wW5jm/5XABA=="],

    "@oxfmt/binding-win32-x64-msvc": ["@oxfmt/binding-win32-x64-msvc@0.55.0", "", { "os": "win32", "cpu": "x64" }, "sha512-eEYT5tivGnGbPHuOHuQpi6CGLObhh0re/5jcNQHihD2GRYkTM85dyi5a19zjP8Q00t1uqAx+/QGLUGdHeqzWyg=="],

    "@oxlint/binding-android-arm-eabi": ["@oxlint/binding-android-arm-eabi@1.71.0", "", { "os": "android", "cpu": "arm" }, "sha512-ImGmd1njEg4FEJH03jhRnveEegtO3czCtfptvaHivKAZQIYATbVFBrrzbaYMYv0oJioTnxZAZVSyV+oL7W8S2g=="],

    "@oxlint/binding-android-arm64": ["@oxlint/binding-android-arm64@1.71.0", "", { "os": "android", "cpu": "arm64" }, "sha512-4A5BEexBrwY1YFF8Kiq/lp/wQPRG79G3BWIE1FuWaM5MvmpYSd+7ZySVcKkHdwo0UDzdQGddp6pD9mpctMqLnw=="],

    "@oxlint/binding-darwin-arm64": ["@oxlint/binding-darwin-arm64@1.71.0", "", { "os": "darwin", "cpu": "arm64" }, "sha512-9wJA9GJulLwS2usU3CEisI/ESDO1n1z9eyTCvApMDrAkbJ1ve0mORgTMjcWWsKxkzkeZ2N/Gpra5IQE7x8tYgQ=="],

    "@oxlint/binding-darwin-x64": ["@oxlint/binding-darwin-x64@1.71.0", "", { "os": "darwin", "cpu": "x64" }, "sha512-PlLCjS06V0PeJMAJwzjrExw1sYNW9Gch3JtNlcwwZDXGlTYDuwHNN89zYH8LTXFfgkVtsYvs2nv0FqrzyuFDzg=="],

    "@oxlint/binding-freebsd-x64": ["@oxlint/binding-freebsd-x64@1.71.0", "", { "os": "freebsd", "cpu": "x64" }, "sha512-Lhil7bWre0ncxbUoDoxfS0JzpTz17BRQKW7iwoAUY8GJ66+WwJEfYPCFJ1P0WgVZR5/O/b3Q2pENlHOjeXLOGQ=="],

    "@oxlint/binding-linux-arm-gnueabihf": ["@oxlint/binding-linux-arm-gnueabihf@1.71.0", "", { "os": "linux", "cpu": "arm" }, "sha512-Oo9/L58PYD3RC0x05d2upAPLllHytTjHQGsnC06P6Ynn7jKkp5mdImQxXdJ3+FnBaKspNpGogzgVsi6g872LiA=="],

    "@oxlint/binding-linux-arm-musleabihf": ["@oxlint/binding-linux-arm-musleabihf@1.71.0", "", { "os": "linux", "cpu": "arm" }, "sha512-mSHfyfgJrEbyIR29ejaeS50BdPk+GoNPlC1dckpDiUZbJAIel68sjSMdOt4WY0/gva+ECC7FNITQkxMJU+vSBw=="],

    "@oxlint/binding-linux-arm64-gnu": ["@oxlint/binding-linux-arm64-gnu@1.71.0", "", { "os": "linux", "cpu": "arm64" }, "sha512-n9yY4M2tiy3aij4AqtlnspzpfdpeT5JQfK2/w2d8oyp5W0FRwOb1dIeX99nORNcxGr08iD9bH8N5XFz3I2iy8w=="],

    "@oxlint/binding-linux-arm64-musl": ["@oxlint/binding-linux-arm64-musl@1.71.0", "", { "os": "linux", "cpu": "arm64" }, "sha512-fJZrs5sDZtTaPIOiemRQQmo82Ezy+vOGXemPc4Ok7iVVsYsFa7SlW6Z5XN819VfsqBHRm3NJ3rTdnR8+bJYJdQ=="],

    "@oxlint/binding-linux-ppc64-gnu": ["@oxlint/binding-linux-ppc64-gnu@1.71.0", "", { "os": "linux", "cpu": "ppc64" }, "sha512-cwl7VKGERIy9p+G+AvZdfy/06q0aHXaTt/mMRReC751iuNYJgqKjB7NydXSS30nBT9vtr2tunciOtrR4fD6FUA=="],

    "@oxlint/binding-linux-riscv64-gnu": ["@oxlint/binding-linux-riscv64-gnu@1.71.0", "", { "os": "linux", "cpu": "none" }, "sha512-eZ8ieVXvzGi8jr7+ybQGPK2STw3mldfxZlgA2738iflfB/rzA69sE6m5rDRpQaxC7dpm745Enlh1Tod0QAk9Gg=="],

    "@oxlint/binding-linux-riscv64-musl": ["@oxlint/binding-linux-riscv64-musl@1.71.0", "", { "os": "linux", "cpu": "none" }, "sha512-puMDbQYe6+NXwfMusojoA7CXGn2b3utukmd23PQqc1E3XhVCwyZ+FueSMzDYeNgDV2dUfIVXAAKZBcFDeCL6sA=="],

    "@oxlint/binding-linux-s390x-gnu": ["@oxlint/binding-linux-s390x-gnu@1.71.0", "", { "os": "linux", "cpu": "s390x" }, "sha512-4NJLxBs1ujISCt3L/1FcywLs73PWtJuw+piD6feK2V6h6OS6P7xu9/sWt1DTRLibe6QCzmfZzmM/2HPORoV/Lg=="],

    "@oxlint/binding-linux-x64-gnu": ["@oxlint/binding-linux-x64-gnu@1.71.0", "", { "os": "linux", "cpu": "x64" }, "sha512-cFDaiR8L3430qp88tfZnvFlt3KotFhR/DlbIL0nHOMMYiG/9Wy4l+6f7t8G8pTa9bd8Lt8+M0y/qjRQ/xcB74g=="],

    "@oxlint/binding-linux-x64-musl": ["@oxlint/binding-linux-x64-musl@1.71.0", "", { "os": "linux", "cpu": "x64" }, "sha512-orfixdt76KlpNly9z0PkWBBNfwjKz+JFVLP/7wnVchlKNU9Dpt9InU/ZggeSej6fC7qwHmHNOGlhLnQXcYoGuA=="],

    "@oxlint/binding-openharmony-arm64": ["@oxlint/binding-openharmony-arm64@1.71.0", "", { "os": "none", "cpu": "arm64" }, "sha512-9emQu2lAp6yhPB3XuI+++vR+l/o6JR1X+EpxwcumPdQXBWXEPAsquPGL7l158EqU8SebQMXTUa/S5zN98juyHw=="],

    "@oxlint/binding-win32-arm64-msvc": ["@oxlint/binding-win32-arm64-msvc@1.71.0", "", { "os": "win32", "cpu": "arm64" }, "sha512-bd5kI8spYwTm3BILDtGhi73zoup5dw8MlPQNT8YB3BD5UIsjNe3K9/4ctrzQMX4SZMoK5HgzVLkLJzacEXB7fA=="],

    "@oxlint/binding-win32-ia32-msvc": ["@oxlint/binding-win32-ia32-msvc@1.71.0", "", { "os": "win32", "cpu": "ia32" }, "sha512-W4HvOHGzVLHcrmFu+bMrJlho+/yrlX5ZNdJZqGe8MEldkQG+RHYhxxad9P4jvWAYFmIqUA5i9DQ8QsJqSU9GIw=="],

    "@oxlint/binding-win32-x64-msvc": ["@oxlint/binding-win32-x64-msvc@1.71.0", "", { "os": "win32", "cpu": "x64" }, "sha512-D2kyEIPHk/G/wiZLnwTVC/sVst+T/lKldVOjAFpgTIBUAOlry72e5OiapDbDBF4LfJLkN5ypJb/8Eu6yJzkveQ=="],

    "@std/collections": ["@jsr/std__collections@1.2.0", "https://npm.jsr.io/~/11/@jsr/std__collections/1.2.0.tgz", {}, "sha512-R58weKPNZ3sFOo9pRAhasq0m0aIVEJau4/bid0VFWp9hoQZ07qpa1vtDLFWNrQK96ZJS0ql6IuOHVrXXsHOE/w=="],

    "@std/ini": ["@jsr/std__ini@0.225.2", "https://npm.jsr.io/~/11/@jsr/std__ini/0.225.2.tgz", {}, "sha512-WDCkw7yaNQL8AifpYIK8+bPSs0q3tL7Xu5jvDezU4UltwPpMXstdbrgWklZXDgs9I5DobT2IflSCNDDkeHT4xA=="],

    "@std/json": ["@jsr/std__json@1.1.0", "https://npm.jsr.io/~/11/@jsr/std__json/1.1.0.tgz", { "dependencies": { "@jsr/std__streams": "^1.1.0" } }, "sha512-a9Eylh7ox33tFn5RxhESnvI4akpefQP5Qn+ePz3Ih4IJ/EPA8p0SKq0aztRfN1sGDhfyWMPWwlUcwNxONt+Ncg=="],

    "@std/jsonc": ["@jsr/std__jsonc@1.0.2", "https://npm.jsr.io/~/11/@jsr/std__jsonc/1.0.2.tgz", { "dependencies": { "@jsr/std__json": "^1.0.2" } }, "sha512-Lva9lY0UPvvgmS8INUHU8Tqijq2SPfdlnSAvofOYUBiB6ALPxo0rTMznRlY5Wt30nMW+rhMTha1x5RGpMBKUoQ=="],

    "@std/toml": ["@jsr/std__toml@1.0.11", "https://npm.jsr.io/~/11/@jsr/std__toml/1.0.11.tgz", { "dependencies": { "@jsr/std__collections": "^1.1.3" } }, "sha512-+LZAizoPAPwMDmRZr86/xPrbO8E0Oq0BJ70mr1fNMobJ/6X6v15Jk16ZClFGukWgzBMd8ggiMWnzp24+N3VNZg=="],

    "@std/yaml": ["@jsr/std__yaml@1.1.1", "https://npm.jsr.io/~/11/@jsr/std__yaml/1.1.1.tgz", {}, "sha512-OLgQ32rFaP5rFMOKorRnlvPgaxyUbd+ORpITxVUY2iy2ROVBtHHIJ4J7vRb7U1pMLorlGJVqCpga3DowyGV+cg=="],

    "@tanstack/query-core": ["@tanstack/query-core@5.101.1", "", {}, "sha512-Y6Y92dkXtNqx67m2pMSxUsA3zOCwv862JexZRP8/EPwvKXMPu9m8rv43spiXWzOUIggQ3SQApttALStzhA8B4g=="],

    "@tanstack/react-query": ["@tanstack/react-query@5.101.1", "", { "dependencies": { "@tanstack/query-core": "5.101.1" }, "peerDependencies": { "react": "^18 || ^19" } }, "sha512-ZnONUuQKJe1bJMStXUL1s5uKN9FcfC28j5cK+iDZcdSHtUv1wtin1cGc/Oewhf2Oc4eKY7lggtpvT/AbMmhHew=="],

    "@types/bun": ["@types/bun@1.3.14", "", { "dependencies": { "bun-types": "1.3.14" } }, "sha512-h1hFqFVcvAvD9j9K7ZW7vd82aSA+rTdznZa+5bwvCwqSB1jmmfLcbIWhOLx1/+boy/xmjgCs/OMUL8hRJSmnPw=="],

    "@types/node": ["@types/node@26.0.1", "", { "dependencies": { "undici-types": "~8.3.0" } }, "sha512-fc3KiUoBt6kie0N9bIW3E47vZsuaMf0PM2AaUpLCLT0s/LvX1nxAim6Fc049cNxODPpGm6qRAuUOB86SkRuPQw=="],

    "@types/react": ["@types/react@19.2.17", "", { "dependencies": { "csstype": "^3.2.2" } }, "sha512-MXfmqaVPEVgkBT/aY0aGCkRWWtByiYQXo3xdQ8r5RzuFrPiRn8Gar2tQdXSUQ2GKV3bkXckek89V8wQBY2Q/Aw=="],

    "ansi-regex": ["ansi-regex@6.2.2", "", {}, "sha512-Bq3SmSpyFHaWjPk8If9yc6svM8c56dB5BAtW4Qbw5jHTwwXXcTLoRMkpDJp6VL0XzlWaCHTXrkFURMYmD0sLqg=="],

    "bun-ffi-structs": ["bun-ffi-structs@0.2.3", "", { "peerDependencies": { "typescript": "^5" } }, "sha512-pgJiXP+hEgFo9qG51J6ItfY4ocs3vniwNzJ9WhoakB3QB2GdzQxX2EXssentPYlB2hOfJrTjO6iIQkWYzUodpg=="],

    "bun-types": ["bun-types@1.3.14", "", { "dependencies": { "@types/node": "*" } }, "sha512-4N0ig0fEomHt5R0KCFWjovxow98rIoRwKolrYdCcknNwMekCXRnWEUvgu5soYV8QXtVsrUD8B95MBOZGPvr6KQ=="],

    "commander": ["commander@10.0.1", "", {}, "sha512-y4Mg2tXshplEbSGzx7amzPwKKOCGuoSRP/CjEdwwk0FOGlUbq6lKuoyDZTNZkmxHdJtp54hdfY/JUrdL7Xfdug=="],

    "csstype": ["csstype@3.2.3", "", {}, "sha512-z1HGKcYy2xA8AGQfwrn0PAy+PB7X/GSj3UVJW9qKyn43xWa+gl5nXmU4qqLMRzWVLFC8KusUX8T/0kCiOYpAIQ=="],

    "diff": ["diff@9.0.0", "", {}, "sha512-svtcdpS8CgJyqAjEQIXdb3OjhFVVYjzGAPO8WGCmRbrml64SPw/jJD4GoE98aR7r25A0XcgrK3F02yw9R/vhQw=="],

    "emoji-regex": ["emoji-regex@10.6.0", "", {}, "sha512-toUI84YS5YmxW219erniWD0CIVOo46xGKColeNQRgOzDorgBi1v4D71/OFzgD9GO2UGKIv1C3Sp8DAn0+j5w7A=="],

    "get-east-asian-width": ["get-east-asian-width@1.6.0", "", {}, "sha512-QRbvDIbx6YklUe6RxeTeleMR0yv3cYH6PsPZHcnVn7xv7zO1BHN8r0XETu8n6Ye3Q+ahtSarc3WgtNWmehIBfA=="],

    "liquidjs": ["liquidjs@10.27.1", "", { "dependencies": { "commander": "^10.0.0" }, "bin": { "liquidjs": "bin/liquid.js", "liquid": "bin/liquid.js" } }, "sha512-ylE+1q2kSef1UxAyxqbyuWM3FRWS1v48JK1Y3CoW3bD6TSNXZh0+GsVnihujEpKyR+Jejx2aRAFfC3AHm9rElg=="],

    "marked": ["marked@17.0.1", "", { "bin": { "marked": "bin/marked.js" } }, "sha512-boeBdiS0ghpWcSwoNm/jJBwdpFaMnZWRzjA6SkUMYb40SVaN1x7mmfGKp0jvexGcx+7y2La5zRZsYFZI6Qpypg=="],

    "oxfmt": ["oxfmt@0.55.0", "", { "dependencies": { "tinypool": "2.1.0" }, "optionalDependencies": { "@oxfmt/binding-android-arm-eabi": "0.55.0", "@oxfmt/binding-android-arm64": "0.55.0", "@oxfmt/binding-darwin-arm64": "0.55.0", "@oxfmt/binding-darwin-x64": "0.55.0", "@oxfmt/binding-freebsd-x64": "0.55.0", "@oxfmt/binding-linux-arm-gnueabihf": "0.55.0", "@oxfmt/binding-linux-arm-musleabihf": "0.55.0", "@oxfmt/binding-linux-arm64-gnu": "0.55.0", "@oxfmt/binding-linux-arm64-musl": "0.55.0", "@oxfmt/binding-linux-ppc64-gnu": "0.55.0", "@oxfmt/binding-linux-riscv64-gnu": "0.55.0", "@oxfmt/binding-linux-riscv64-musl": "0.55.0", "@oxfmt/binding-linux-s390x-gnu": "0.55.0", "@oxfmt/binding-linux-x64-gnu": "0.55.0", "@oxfmt/binding-linux-x64-musl": "0.55.0", "@oxfmt/binding-openharmony-arm64": "0.55.0", "@oxfmt/binding-win32-arm64-msvc": "0.55.0", "@oxfmt/binding-win32-ia32-msvc": "0.55.0", "@oxfmt/binding-win32-x64-msvc": "0.55.0" }, "peerDependencies": { "svelte": "^5.0.0", "vite-plus": "*" }, "optionalPeers": ["svelte", "vite-plus"], "bin": { "oxfmt": "bin/oxfmt" } }, "sha512-jSj2wCTakwgPMxkfiVZX0jf+nX+Nz6xlyAZjqNE0qXTFdCBPYlP6JAN+ODjmealw7DXBjOzYbdsqwBMAZnPZ6A=="],

    "oxlint": ["oxlint@1.71.0", "", { "optionalDependencies": { "@oxlint/binding-android-arm-eabi": "1.71.0", "@oxlint/binding-android-arm64": "1.71.0", "@oxlint/binding-darwin-arm64": "1.71.0", "@oxlint/binding-darwin-x64": "1.71.0", "@oxlint/binding-freebsd-x64": "1.71.0", "@oxlint/binding-linux-arm-gnueabihf": "1.71.0", "@oxlint/binding-linux-arm-musleabihf": "1.71.0", "@oxlint/binding-linux-arm64-gnu": "1.71.0", "@oxlint/binding-linux-arm64-musl": "1.71.0", "@oxlint/binding-linux-ppc64-gnu": "1.71.0", "@oxlint/binding-linux-riscv64-gnu": "1.71.0", "@oxlint/binding-linux-riscv64-musl": "1.71.0", "@oxlint/binding-linux-s390x-gnu": "1.71.0", "@oxlint/binding-linux-x64-gnu": "1.71.0", "@oxlint/binding-linux-x64-musl": "1.71.0", "@oxlint/binding-openharmony-arm64": "1.71.0", "@oxlint/binding-win32-arm64-msvc": "1.71.0", "@oxlint/binding-win32-ia32-msvc": "1.71.0", "@oxlint/binding-win32-x64-msvc": "1.71.0" }, "peerDependencies": { "oxlint-tsgolint": ">=0.22.1", "vite-plus": "*" }, "optionalPeers": ["oxlint-tsgolint", "vite-plus"], "bin": { "oxlint": "bin/oxlint" } }, "sha512-U1m1X+C0vDj7DC1e13IoZULzEcPczE7UOMTs8VlZGHUEIUaSTZKo5qkPsQEfzpgnQ29Pea/w3Xntk62UCecxZw=="],

    "react": ["react@19.2.7", "", {}, "sha512-HNe9WslTbXmFK8o8cmwgAeJFSBvt1bPdHCVKtaaV+WlAN36mpT4hcRpwbf3fY56ar2oIXzsBpOAiIRHAdY0OlQ=="],

    "react-devtools-core": ["react-devtools-core@7.0.1", "", { "dependencies": { "shell-quote": "^1.6.1", "ws": "^7" } }, "sha512-C3yNvRHaizlpiASzy7b9vbnBGLrhvdhl1CbdU6EnZgxPNbai60szdLtl+VL76UNOt5bOoVTOz5rNWZxgGt+Gsw=="],

    "react-reconciler": ["react-reconciler@0.33.0", "", { "dependencies": { "scheduler": "^0.27.0" }, "peerDependencies": { "react": "^19.2.0" } }, "sha512-KetWRytFv1epdpJc3J4G75I4WrplZE5jOL7Yq0p34+OVOKF4Se7WrdIdVC45XsSSmUTlht2FM/fM1FZb1mfQeA=="],

    "scheduler": ["scheduler@0.27.0", "", {}, "sha512-eNv+WrVbKu1f3vbYJT/xtiF5syA5HPIMtf9IgY/nKg0sWqzAUEvqY/xm7OcZc/qafLx/iO9FgOmeSAp4v5ti/Q=="],

    "shell-quote": ["shell-quote@1.9.0", "", {}, "sha512-Iov+JwFv/2HcTpcwNMKd8+IWNb8tboQJNQTkAY/LLVK7gGH9jy+LGkVqPxfekHl+yMmiqXszdGWXgkfml7hjqA=="],

    "string-width": ["string-width@7.2.0", "", { "dependencies": { "emoji-regex": "^10.3.0", "get-east-asian-width": "^1.0.0", "strip-ansi": "^7.1.0" } }, "sha512-tsaTIkKW9b4N+AEj+SVA+WhJzV7/zMhcSu78mLKWSk7cXMOSHsBKFWUs0fWwq8QyK3MgJBQRX6Gbi4kYbdvGkQ=="],

    "strip-ansi": ["strip-ansi@7.1.2", "", { "dependencies": { "ansi-regex": "^6.0.1" } }, "sha512-gmBGslpoQJtgnMAvOVqGZpEz9dyoKTCzy2nfz/n8aIFhN/jCE/rCmcxabB6jOOHV+0WNnylOxaxBQPSvcWklhA=="],

    "tinypool": ["tinypool@2.1.0", "", {}, "sha512-Pugqs6M0m7Lv1I7FtxN4aoyToKg1C4tu+/381vH35y8oENM/Ai7f7C4StcoK4/+BSw9ebcS8jRiVrORFKCALLw=="],

    "typescript": ["typescript@5.9.3", "", { "bin": { "tsc": "bin/tsc", "tsserver": "bin/tsserver" } }, "sha512-jl1vZzPDinLr9eUt3J/t7V6FgNEw9QjvBPdysz9KfQDD41fQrC2Y4vKQdiaUpFT4bXlb1RHhLpp8wtm6M5TgSw=="],

    "undici-types": ["undici-types@8.3.0", "", {}, "sha512-j375ScV60dom+YkPFIfTLcOiPxkN/buHz5GobjLhixFuANaNs3C9l4GmrWqejgXWJ7BbJcFYpTEUkS1Ge8bpZQ=="],

    "web-tree-sitter": ["web-tree-sitter@0.25.10", "", { "peerDependencies": { "@types/emscripten": "^1.40.0" }, "optionalPeers": ["@types/emscripten"] }, "sha512-Y09sF44/13XvgVKgO2cNDw5rGk6s26MgoZPXLESvMXeefBf7i6/73eFurre0IsTW6E14Y0ArIzhUMmjoc7xyzA=="],

    "ws": ["ws@8.21.0", "", { "peerDependencies": { "bufferutil": "^4.0.1", "utf-8-validate": ">=5.0.2" }, "optionalPeers": ["bufferutil", "utf-8-validate"] }, "sha512-Vsp28b7DRcimFQvrqu2Wek3z1iYxDCWqHYB8Qsnk/S4RfaCQzPGPyBNuVjJV3cd6UiKtUtp6sNM77gWvzcCH+g=="],

    "zod": ["zod@4.4.3", "", {}, "sha512-ytENFjIJFl2UwYglde2jchW2Hwm4GJFLDiSXWdTrJQBIN9Fcyp7n4DhxJEiWNAJMV1/BqWfW/kkg71UDcHJyTQ=="],

    "react-devtools-core/ws": ["ws@7.5.11", "", { "peerDependencies": { "bufferutil": "^4.0.1", "utf-8-validate": "^5.0.2" }, "optionalPeers": ["bufferutil", "utf-8-validate"] }, "sha512-zS54Oen9bITtp7kp2XM3AydrCIq1D+HwJOuH+c+e4LfpL/lotP5osijd+UoMnxwAam1GN8R4KtLAyIrIcBNpiA=="],
  }
}
